// !$*UTF8*$!
{
	archiveVersion = 1;
	classes = {
	};
	objectVersion = 50;
	objects = {

/* Begin PBXBuildFile section */
		D49CE517207A4CA800C86DC6 /* AppDelegate.swift in Sources */ = {isa = PBXBuildFile; fileRef = D49CE516207A4CA800C86DC6 /* AppDelegate.swift */; };
		D49CE51C207A4CA800C86DC6 /* Main.storyboard in Resources */ = {isa = PBXBuildFile; fileRef = D49CE51A207A4CA800C86DC6 /* Main.storyboard */; };
		D49CE51F207A4CA800C86DC6 /* Movi.xcdatamodeld in Sources */ = {isa = PBXBuildFile; fileRef = D49CE51D207A4CA800C86DC6 /* Movi.xcdatamodeld */; };
		D49CE521207A4CAA00C86DC6 /* Assets.xcassets in Resources */ = {isa = PBXBuildFile; fileRef = D49CE520207A4CAA00C86DC6 /* Assets.xcassets */; };
		D49CE524207A4CAA00C86DC6 /* LaunchScreen.storyboard in Resources */ = {isa = PBXBuildFile; fileRef = D49CE522207A4CAA00C86DC6 /* LaunchScreen.storyboard */; };
		D49CE52F207A4DFD00C86DC6 /* AganèExtraBoldSign.ttf in Resources */ = {isa = PBXBuildFile; fileRef = D49CE52C207A4DFA00C86DC6 /* AganèExtraBoldSign.ttf */; };
		D49CE530207A4DFD00C86DC6 /* AganèRegularSign.ttf in Resources */ = {isa = PBXBuildFile; fileRef = D49CE52D207A4DFB00C86DC6 /* AganèRegularSign.ttf */; };
		D49CE531207A4DFD00C86DC6 /* AganèBoldSign.ttf in Resources */ = {isa = PBXBuildFile; fileRef = D49CE52E207A4DFC00C86DC6 /* AganèBoldSign.ttf */; };
		D49CE533207A502500C86DC6 /* ColorPalette.swift in Sources */ = {isa = PBXBuildFile; fileRef = D49CE532207A502500C86DC6 /* ColorPalette.swift */; };
		D49CE535207A5EDC00C86DC6 /* AtendimentosViewController.swift in Sources */ = {isa = PBXBuildFile; fileRef = D49CE534207A5EDC00C86DC6 /* AtendimentosViewController.swift */; };
		D49CE537207A5FD600C86DC6 /* AppData.swift in Sources */ = {isa = PBXBuildFile; fileRef = D49CE536207A5FD600C86DC6 /* AppData.swift */; };
		D49CE53D207A6CC800C86DC6 /* HistoricoCell.swift in Sources */ = {isa = PBXBuildFile; fileRef = D49CE53C207A6CC800C86DC6 /* HistoricoCell.swift */; };
		D49CE53F207A6D4A00C86DC6 /* HistoricoTableViewController.swift in Sources */ = {isa = PBXBuildFile; fileRef = D49CE53E207A6D4900C86DC6 /* HistoricoTableViewController.swift */; };
		D49CE541207A70DD00C86DC6 /* SolicitacaoInfoTableViewController.swift in Sources */ = {isa = PBXBuildFile; fileRef = D49CE540207A70DD00C86DC6 /* SolicitacaoInfoTableViewController.swift */; };
		D49CE549207A816500C86DC6 /* NotificationCell.swift in Sources */ = {isa = PBXBuildFile; fileRef = D49CE548207A816500C86DC6 /* NotificationCell.swift */; };
		D49CE54D207A82AA00C86DC6 /* NotificationTableViewController.swift in Sources */ = {isa = PBXBuildFile; fileRef = D49CE54C207A82AA00C86DC6 /* NotificationTableViewController.swift */; };
/* End PBXBuildFile section */

/* Begin PBXFileReference section */
		D49CE513207A4CA800C86DC6 /* Movi.app */ = {isa = PBXFileReference; explicitFileType = wrapper.application; includeInIndex = 0; path = Movi.app; sourceTree = BUILT_PRODUCTS_DIR; };
		D49CE516207A4CA800C86DC6 /* AppDelegate.swift */ = {isa = PBXFileReference; lastKnownFileType = sourcecode.swift; path = AppDelegate.swift; sourceTree = "<group>"; };
		D49CE51B207A4CA800C86DC6 /* Base */ = {isa = PBXFileReference; lastKnownFileType = file.storyboard; name = Base; path = Base.lproj/Main.storyboard; sourceTree = "<group>"; };
		D49CE51E207A4CA800C86DC6 /* Movi.xcdatamodel */ = {isa = PBXFileReference; lastKnownFileType = wrapper.xcdatamodel; path = Movi.xcdatamodel; sourceTree = "<group>"; };
		D49CE520207A4CAA00C86DC6 /* Assets.xcassets */ = {isa = PBXFileReference; lastKnownFileType = folder.assetcatalog; path = Assets.xcassets; sourceTree = "<group>"; };
		D49CE523207A4CAA00C86DC6 /* Base */ = {isa = PBXFileReference; lastKnownFileType = file.storyboard; name = Base; path = Base.lproj/LaunchScreen.storyboard; sourceTree = "<group>"; };
		D49CE525207A4CAA00C86DC6 /* Info.plist */ = {isa = PBXFileReference; lastKnownFileType = text.plist.xml; path = Info.plist; sourceTree = "<group>"; };
		D49CE52C207A4DFA00C86DC6 /* AganèExtraBoldSign.ttf */ = {isa = PBXFileReference; lastKnownFileType = file; path = "AganèExtraBoldSign.ttf"; sourceTree = "<group>"; };
		D49CE52D207A4DFB00C86DC6 /* AganèRegularSign.ttf */ = {isa = PBXFileReference; lastKnownFileType = file; path = "AganèRegularSign.ttf"; sourceTree = "<group>"; };
		D49CE52E207A4DFC00C86DC6 /* AganèBoldSign.ttf */ = {isa = PBXFileReference; lastKnownFileType = file; path = "AganèBoldSign.ttf"; sourceTree = "<group>"; };
		D49CE532207A502500C86DC6 /* ColorPalette.swift */ = {isa = PBXFileReference; lastKnownFileType = sourcecode.swift; path = ColorPalette.swift; sourceTree = "<group>"; };
		D49CE534207A5EDC00C86DC6 /* AtendimentosViewController.swift */ = {isa = PBXFileReference; lastKnownFileType = sourcecode.swift; path = AtendimentosViewController.swift; sourceTree = "<group>"; };
		D49CE536207A5FD600C86DC6 /* AppData.swift */ = {isa = PBXFileReference; lastKnownFileType = sourcecode.swift; path = AppData.swift; sourceTree = "<group>"; };
		D49CE53C207A6CC800C86DC6 /* HistoricoCell.swift */ = {isa = PBXFileReference; lastKnownFileType = sourcecode.swift; name = HistoricoCell.swift; path = ../HistoricoCell.swift; sourceTree = "<group>"; };
		D49CE53E207A6D4900C86DC6 /* HistoricoTableViewController.swift */ = {isa = PBXFileReference; lastKnownFileType = sourcecode.swift; path = HistoricoTableViewController.swift; sourceTree = "<group>"; };
		D49CE540207A70DD00C86DC6 /* SolicitacaoInfoTableViewController.swift */ = {isa = PBXFileReference; lastKnownFileType = sourcecode.swift; path = SolicitacaoInfoTableViewController.swift; sourceTree = "<group>"; };
		D49CE548207A816500C86DC6 /* NotificationCell.swift */ = {isa = PBXFileReference; lastKnownFileType = sourcecode.swift; path = NotificationCell.swift; sourceTree = "<group>"; };
		D49CE54C207A82AA00C86DC6 /* NotificationTableViewController.swift */ = {isa = PBXFileReference; lastKnownFileType = sourcecode.swift; path = NotificationTableViewController.swift; sourceTree = "<group>"; };
/* End PBXFileReference section */

/* Begin PBXFrameworksBuildPhase section */
		D49CE510207A4CA800C86DC6 /* Frameworks */ = {
			isa = PBXFrameworksBuildPhase;
			buildActionMask = 2147483647;
			files = (
			);
			runOnlyForDeploymentPostprocessing = 0;
		};
/* End PBXFrameworksBuildPhase section */

/* Begin PBXGroup section */
		D49CE50A207A4CA800C86DC6 = {
			isa = PBXGroup;
			children = (
				D49CE515207A4CA800C86DC6 /* Movi */,
				D49CE514207A4CA800C86DC6 /* Products */,
			);
			sourceTree = "<group>";
		};
		D49CE514207A4CA800C86DC6 /* Products */ = {
			isa = PBXGroup;
			children = (
				D49CE513207A4CA800C86DC6 /* Movi.app */,
			);
			name = Products;
			sourceTree = "<group>";
		};
		D49CE515207A4CA800C86DC6 /* Movi */ = {
			isa = PBXGroup;
			children = (
				D49CE53C207A6CC800C86DC6 /* HistoricoCell.swift */,
				D49CE548207A816500C86DC6 /* NotificationCell.swift */,
				D49CE516207A4CA800C86DC6 /* AppDelegate.swift */,
				D49CE532207A502500C86DC6 /* ColorPalette.swift */,
				D49CE534207A5EDC00C86DC6 /* AtendimentosViewController.swift */,
				D49CE53E207A6D4900C86DC6 /* HistoricoTableViewController.swift */,
				D49CE540207A70DD00C86DC6 /* SolicitacaoInfoTableViewController.swift */,
				D49CE54C207A82AA00C86DC6 /* NotificationTableViewController.swift */,
				D49CE51A207A4CA800C86DC6 /* Main.storyboard */,
				D49CE520207A4CAA00C86DC6 /* Assets.xcassets */,
				D49CE522207A4CAA00C86DC6 /* LaunchScreen.storyboard */,
				D49CE525207A4CAA00C86DC6 /* Info.plist */,
				D49CE52B207A4DDC00C86DC6 /* Fonts */,
				D49CE51D207A4CA800C86DC6 /* Movi.xcdatamodeld */,
				D49CE536207A5FD600C86DC6 /* AppData.swift */,
			);
			path = Movi;
			sourceTree = "<group>";
		};
		D49CE52B207A4DDC00C86DC6 /* Fonts */ = {
			isa = PBXGroup;
			children = (
				D49CE52D207A4DFB00C86DC6 /* AganèRegularSign.ttf */,
				D49CE52E207A4DFC00C86DC6 /* AganèBoldSign.ttf */,
				D49CE52C207A4DFA00C86DC6 /* AganèExtraBoldSign.ttf */,
			);
			path = Fonts;
			sourceTree = "<group>";
		};
/* End PBXGroup section */

/* Begin PBXNativeTarget section */
		D49CE512207A4CA800C86DC6 /* Movi */ = {
			isa = PBXNativeTarget;
			buildConfigurationList = D49CE528207A4CAA00C86DC6 /* Build configuration list for PBXNativeTarget "Movi" */;
			buildPhases = (
				D49CE50F207A4CA800C86DC6 /* Sources */,
				D49CE510207A4CA800C86DC6 /* Frameworks */,
				D49CE511207A4CA800C86DC6 /* Resources */,
			);
			buildRules = (
			);
			dependencies = (
			);
			name = Movi;
			productName = Movi;
			productReference = D49CE513207A4CA800C86DC6 /* Movi.app */;
			productType = "com.apple.product-type.application";
		};
/* End PBXNativeTarget section */

/* Begin PBXProject section */
		D49CE50B207A4CA800C86DC6 /* Project object */ = {
			isa = PBXProject;
			attributes = {
				LastSwiftUpdateCheck = 0930;
				LastUpgradeCheck = 0930;
				ORGANIZATIONNAME = "Filipe Marques";
				TargetAttributes = {
					D49CE512207A4CA800C86DC6 = {
						CreatedOnToolsVersion = 9.3;
					};
				};
			};
			buildConfigurationList = D49CE50E207A4CA800C86DC6 /* Build configuration list for PBXProject "Movi" */;
			compatibilityVersion = "Xcode 9.3";
			developmentRegion = en;
			hasScannedForEncodings = 0;
			knownRegions = (
				en,
				Base,
			);
			mainGroup = D49CE50A207A4CA800C86DC6;
			productRefGroup = D49CE514207A4CA800C86DC6 /* Products */;
			projectDirPath = "";
			projectRoot = "";
			targets = (
				D49CE512207A4CA800C86DC6 /* Movi */,
			);
		};
/* End PBXProject section */

/* Begin PBXResourcesBuildPhase section */
		D49CE511207A4CA800C86DC6 /* Resources */ = {
			isa = PBXResourcesBuildPhase;
			buildActionMask = 2147483647;
			files = (
				D49CE524207A4CAA00C86DC6 /* LaunchScreen.storyboard in Resources */,
				D49CE521207A4CAA00C86DC6 /* Assets.xcassets in Resources */,
				D49CE52F207A4DFD00C86DC6 /* AganèExtraBoldSign.ttf in Resources */,
				D49CE51C207A4CA800C86DC6 /* Main.storyboard in Resources */,
				D49CE530207A4DFD00C86DC6 /* AganèRegularSign.ttf in Resources */,
				D49CE531207A4DFD00C86DC6 /* AganèBoldSign.ttf in Resources */,
			);
			runOnlyForDeploymentPostprocessing = 0;
		};
/* End PBXResourcesBuildPhase section */

/* Begin PBXSourcesBuildPhase section */
		D49CE50F207A4CA800C86DC6 /* Sources */ = {
			isa = PBXSourcesBuildPhase;
			buildActionMask = 2147483647;
			files = (
				D49CE54D207A82AA00C86DC6 /* NotificationTableViewController.swift in Sources */,
				D49CE53D207A6CC800C86DC6 /* HistoricoCell.swift in Sources */,
				D49CE549207A816500C86DC6 /* NotificationCell.swift in Sources */,
				D49CE541207A70DD00C86DC6 /* SolicitacaoInfoTableViewController.swift in Sources */,
				D49CE517207A4CA800C86DC6 /* AppDelegate.swift in Sources */,
				D49CE53F207A6D4A00C86DC6 /* HistoricoTableViewController.swift in Sources */,
				D49CE51F207A4CA800C86DC6 /* Movi.xcdatamodeld in Sources */,
				D49CE535207A5EDC00C86DC6 /* AtendimentosViewController.swift in Sources */,
				D49CE533207A502500C86DC6 /* ColorPalette.swift in Sources */,
				D49CE537207A5FD600C86DC6 /* AppData.swift in Sources */,
			);
			runOnlyForDeploymentPostprocessing = 0;
		};
/* End PBXSourcesBuildPhase section */

/* Begin PBXVariantGroup section */
		D49CE51A207A4CA800C86DC6 /* Main.storyboard */ = {
			isa = PBXVariantGroup;
			children = (
				D49CE51B207A4CA800C86DC6 /* Base */,
			);
			name = Main.storyboard;
			sourceTree = "<group>";
		};
		D49CE522207A4CAA00C86DC6 /* LaunchScreen.storyboard */ = {
			isa = PBXVariantGroup;
			children = (
				D49CE523207A4CAA00C86DC6 /* Base */,
			);
			name = LaunchScreen.storyboard;
			sourceTree = "<group>";
		};
/* End PBXVariantGroup section */

/* Begin XCBuildConfiguration section */
		D49CE526207A4CAA00C86DC6 /* Debug */ = {
			isa = XCBuildConfiguration;
			buildSettings = {
				ALWAYS_SEARCH_USER_PATHS = NO;
				CLANG_ANALYZER_NONNULL = YES;
				CLANG_ANALYZER_NUMBER_OBJECT_CONVERSION = YES_AGGRESSIVE;
				CLANG_CXX_LANGUAGE_STANDARD = "gnu++14";
				CLANG_CXX_LIBRARY = "libc++";
				CLANG_ENABLE_MODULES = YES;
				CLANG_ENABLE_OBJC_ARC = YES;
				CLANG_ENABLE_OBJC_WEAK = YES;
				CLANG_WARN_BLOCK_CAPTURE_AUTORELEASING = YES;
				CLANG_WARN_BOOL_CONVERSION = YES;
				CLANG_WARN_COMMA = YES;
				CLANG_WARN_CONSTANT_CONVERSION = YES;
				CLANG_WARN_DEPRECATED_OBJC_IMPLEMENTATIONS = YES;
				CLANG_WARN_DIRECT_OBJC_ISA_USAGE = YES_ERROR;
				CLANG_WARN_DOCUMENTATION_COMMENTS = YES;
				CLANG_WARN_EMPTY_BODY = YES;
				CLANG_WARN_ENUM_CONVERSION = YES;
				CLANG_WARN_INFINITE_RECURSION = YES;
				CLANG_WARN_INT_CONVERSION = YES;
				CLANG_WARN_NON_LITERAL_NULL_CONVERSION = YES;
				CLANG_WARN_OBJC_IMPLICIT_RETAIN_SELF = YES;
				CLANG_WARN_OBJC_LITERAL_CONVERSION = YES;
				CLANG_WARN_OBJC_ROOT_CLASS = YES_ERROR;
				CLANG_WARN_RANGE_LOOP_ANALYSIS = YES;
				CLANG_WARN_STRICT_PROTOTYPES = YES;
				CLANG_WARN_SUSPICIOUS_MOVE = YES;
				CLANG_WARN_UNGUARDED_AVAILABILITY = YES_AGGRESSIVE;
				CLANG_WARN_UNREACHABLE_CODE = YES;
				CLANG_WARN__DUPLICATE_METHOD_MATCH = YES;
				CODE_SIGN_IDENTITY = "iPhone Developer";
				COPY_PHASE_STRIP = NO;
				DEBUG_INFORMATION_FORMAT = dwarf;
				ENABLE_STRICT_OBJC_MSGSEND = YES;
				ENABLE_TESTABILITY = YES;
				GCC_C_LANGUAGE_STANDARD = gnu11;
				GCC_DYNAMIC_NO_PIC = NO;
				GCC_NO_COMMON_BLOCKS = YES;
				GCC_OPTIMIZATION_LEVEL = 0;
				GCC_PREPROCESSOR_DEFINITIONS = (
					"DEBUG=1",
					"$(inherited)",
				);
				GCC_WARN_64_TO_32_BIT_CONVERSION = YES;
				GCC_WARN_ABOUT_RETURN_TYPE = YES_ERROR;
				GCC_WARN_UNDECLARED_SELECTOR = YES;
				GCC_WARN_UNINITIALIZED_AUTOS = YES_AGGRESSIVE;
				GCC_WARN_UNUSED_FUNCTION = YES;
				GCC_WARN_UNUSED_VARIABLE = YES;
				IPHONEOS_DEPLOYMENT_TARGET = 11.3;
				MTL_ENABLE_DEBUG_INFO = YES;
				ONLY_ACTIVE_ARCH = YES;
				SDKROOT = iphoneos;
				SWIFT_ACTIVE_COMPILATION_CONDITIONS = DEBUG;
				SWIFT_OPTIMIZATION_LEVEL = "-Onone";
			};
			name = Debug;
		};
		D49CE527207A4CAA00C86DC6 /* Release */ = {
			isa = XCBuildConfiguration;
			buildSettings = {
				ALWAYS_SEARCH_USER_PATHS = NO;
				CLANG_ANALYZER_NONNULL = YES;
				CLANG_ANALYZER_NUMBER_OBJECT_CONVERSION = YES_AGGRESSIVE;
				CLANG_CXX_LANGUAGE_STANDARD = "gnu++14";
				CLANG_CXX_LIBRARY = "libc++";
				CLANG_ENABLE_MODULES = YES;
				CLANG_ENABLE_OBJC_ARC = YES;
				CLANG_ENABLE_OBJC_WEAK = YES;
				CLANG_WARN_BLOCK_CAPTURE_AUTORELEASING = YES;
				CLANG_WARN_BOOL_CONVERSION = YES;
				CLANG_WARN_COMMA = YES;
				CLANG_WARN_CONSTANT_CONVERSION = YES;
				CLANG_WARN_DEPRECATED_OBJC_IMPLEMENTATIONS = YES;
				CLANG_WARN_DIRECT_OBJC_ISA_USAGE = YES_ERROR;
				CLANG_WARN_DOCUMENTATION_COMMENTS = YES;
				CLANG_WARN_EMPTY_BODY = YES;
				CLANG_WARN_ENUM_CONVERSION = YES;
				CLANG_WARN_INFINITE_RECURSION = YES;
				CLANG_WARN_INT_CONVERSION = YES;
				CLANG_WARN_NON_LITERAL_NULL_CONVERSION = YES;
				CLANG_WARN_OBJC_IMPLICIT_RETAIN_SELF = YES;
				CLANG_WARN_OBJC_LITERAL_CONVERSION = YES;
				CLANG_WARN_OBJC_ROOT_CLASS = YES_ERROR;
				CLANG_WARN_RANGE_LOOP_ANALYSIS = YES;
				CLANG_WARN_STRICT_PROTOTYPES = YES;
				CLANG_WARN_SUSPICIOUS_MOVE = YES;
				CLANG_WARN_UNGUARDED_AVAILABILITY = YES_AGGRESSIVE;
				CLANG_WARN_UNREACHABLE_CODE = YES;
				CLANG_WARN__DUPLICATE_METHOD_MATCH = YES;
				CODE_SIGN_IDENTITY = "iPhone Developer";
				COPY_PHASE_STRIP = NO;
				DEBUG_INFORMATION_FORMAT = "dwarf-with-dsym";
				ENABLE_NS_ASSERTIONS = NO;
				ENABLE_STRICT_OBJC_MSGSEND = YES;
				GCC_C_LANGUAGE_STANDARD = gnu11;
				GCC_NO_COMMON_BLOCKS = YES;
				GCC_WARN_64_TO_32_BIT_CONVERSION = YES;
				GCC_WARN_ABOUT_RETURN_TYPE = YES_ERROR;
				GCC_WARN_UNDECLARED_SELECTOR = YES;
				GCC_WARN_UNINITIALIZED_AUTOS = YES_AGGRESSIVE;
				GCC_WARN_UNUSED_FUNCTION = YES;
				GCC_WARN_UNUSED_VARIABLE = YES;
				IPHONEOS_DEPLOYMENT_TARGET = 11.3;
				MTL_ENABLE_DEBUG_INFO = NO;
				SDKROOT = iphoneos;
				SWIFT_COMPILATION_MODE = wholemodule;
				SWIFT_OPTIMIZATION_LEVEL = "-O";
				VALIDATE_PRODUCT = YES;
			};
			name = Release;
		};
		D49CE529207A4CAA00C86DC6 /* Debug */ = {
			isa = XCBuildConfiguration;
			buildSettings = {
				ASSETCATALOG_COMPILER_APPICON_NAME = AppIcon;
				CODE_SIGN_STYLE = Automatic;
				DEVELOPMENT_TEAM = 9WW6YH2P93;
				INFOPLIST_FILE = Movi/Info.plist;
				LD_RUNPATH_SEARCH_PATHS = (
					"$(inherited)",
					"@executable_path/Frameworks",
				);
				PRODUCT_BUNDLE_IDENTIFIER = br.com.FilipeMarques.Movi;
				PRODUCT_NAME = "$(TARGET_NAME)";
				SWIFT_VERSION = 4.0;
				TARGETED_DEVICE_FAMILY = "1,2";
			};
			name = Debug;
		};
		D49CE52A207A4CAA00C86DC6 /* Release */ = {
			isa = XCBuildConfiguration;
			buildSettings = {
				ASSETCATALOG_COMPILER_APPICON_NAME = AppIcon;
				CODE_SIGN_STYLE = Automatic;
				DEVELOPMENT_TEAM = 9WW6YH2P93;
				INFOPLIST_FILE = Movi/Info.plist;
				LD_RUNPATH_SEARCH_PATHS = (
					"$(inherited)",
					"@executable_path/Frameworks",
				);
				PRODUCT_BUNDLE_IDENTIFIER = br.com.FilipeMarques.Movi;
				PRODUCT_NAME = "$(TARGET_NAME)";
				SWIFT_VERSION = 4.0;
				TARGETED_DEVICE_FAMILY = "1,2";
			};
			name = Release;
		};
/* End XCBuildConfiguration section */

/* Begin XCConfigurationList section */
		D49CE50E207A4CA800C86DC6 /* Build configuration list for PBXProject "Movi" */ = {
			isa = XCConfigurationList;
			buildConfigurations = (
				D49CE526207A4CAA00C86DC6 /* Debug */,
				D49CE527207A4CAA00C86DC6 /* Release */,
			);
			defaultConfigurationIsVisible = 0;
			defaultConfigurationName = Release;
		};
		D49CE528207A4CAA00C86DC6 /* Build configuration list for PBXNativeTarget "Movi" */ = {
			isa = XCConfigurationList;
			buildConfigurations = (
				D49CE529207A4CAA00C86DC6 /* Debug */,
				D49CE52A207A4CAA00C86DC6 /* Release */,
			);
			defaultConfigurationIsVisible = 0;
			defaultConfigurationName = Release;
		};
/* End XCConfigurationList section */

/* Begin XCVersionGroup section */
		D49CE51D207A4CA800C86DC6 /* Movi.xcdatamodeld */ = {
			isa = XCVersionGroup;
			children = (
				D49CE51E207A4CA800C86DC6 /* Movi.xcdatamodel */,
			);
			currentVersion = D49CE51E207A4CA800C86DC6 /* Movi.xcdatamodel */;
			path = Movi.xcdatamodeld;
			sourceTree = "<group>";
			versionGroupType = wrapper.xcdatamodel;
		};
/* End XCVersionGroup section */
	};
	rootObject = D49CE50B207A4CA800C86DC6 /* Project object */;
}
